
Microsoft Visual Studio Solution File, Format Version 12.00
# Visual Studio Version 17
VisualStudioVersion = 17.2.32616.157
MinimumVisualStudioVersion = 10.0.40219.1
Project("{FAE04EC0-301F-11D3-BF4B-00C04F79EFBC}") = "DatabricksJobRunner", "DatabricksJobRunner.csproj", "{86A62B41-DB36-4020-9E81-79DE6C265D37}"
EndProject
Global
	GlobalSection(SolutionConfigurationPlatforms) = preSolution
		Debug|Any CPU = Debug|Any CPU
		Release|Any CPU = Release|Any CPU
	EndGlobalSection
	GlobalSection(ProjectConfigurationPlatforms) = postSolution
		{86A62B41-DB36-4020-9E81-79DE6C265D37}.Debug|Any CPU.ActiveCfg = Debug|Any CPU
		{86A62B41-DB36-4020-9E81-79DE6C265D37}.Debug|Any CPU.Build.0 = Debug|Any CPU
		{86A62B41-DB36-4020-9E81-79DE6C265D37}.Release|Any CPU.ActiveCfg = Release|Any CPU
		{86A62B41-DB36-4020-9E81-79DE6C265D37}.Release|Any CPU.Build.0 = Release|Any CPU
	EndGlobalSection
	GlobalSection(SolutionProperties) = preSolution
		HideSolutionNode = FALSE
	EndGlobalSection
	GlobalSection(ExtensibilityGlobals) = postSolution
		SolutionGuid = {A43DDA35-449F-44C9-8D59-BC1593ED09CA}
	EndGlobalSection
EndGlobal
