
Microsoft Visual Studio Solution File, Format Version 12.00
# Visual Studio Version 17
VisualStudioVersion = 17.2.32616.157
MinimumVisualStudioVersion = 10.0.40219.1
Project("{2150E333-8FDC-42A3-9474-1A3956D46DE8}") = "Tests", "Tests", "{A65AE4F0-E4A5-4F6C-AB74-F8A278C31AD9}"
EndProject
Project("{9A19103F-16F7-4668-BE54-9A1E7A4F7556}") = "WebApi", "wholesale-api\WebApi\WebApi.csproj", "{9746F437-9232-4F33-B11C-DBE78AF88A79}"
EndProject
Project("{9A19103F-16F7-4668-BE54-9A1E7A4F7556}") = "DatabaseMigration", "database-migration\DatabaseMigration.csproj", "{ABA195E8-C392-42BA-958E-F03447A2B301}"
EndProject
Project("{9A19103F-16F7-4668-BE54-9A1E7A4F7556}") = "Common", "wholesale-api\Common\Common.csproj", "{F163CC59-E435-4274-9316-7EF7463BA8E6}"
EndProject
Project("{9A19103F-16F7-4668-BE54-9A1E7A4F7556}") = "WebApi.UnitTests", "wholesale-api\WebApi.UnitTests\WebApi.UnitTests.csproj", "{29B77280-062B-4AB0-A67D-8AF9C346299F}"
EndProject
Project("{2150E333-8FDC-42A3-9474-1A3956D46DE8}") = "ConfigurationFiles", "ConfigurationFiles", "{2F06D7A0-5E4C-4245-8E2E-CD342C13C840}"
	ProjectSection(SolutionItems) = preProject
		.editorconfig = .editorconfig
		Directory.Build.props = Directory.Build.props
		stylecop.json = stylecop.json
	EndProjectSection
EndProject
Project("{9A19103F-16F7-4668-BE54-9A1E7A4F7556}") = "WebApi.IntegrationTests", "wholesale-api\WebApi.IntegrationTests\WebApi.IntegrationTests.csproj", "{6D00C8EA-65D9-4568-B3C6-23E31598D51E}"
EndProject
Project("{9A19103F-16F7-4668-BE54-9A1E7A4F7556}") = "Test.Core", "wholesale-api\Test.Core\Test.Core.csproj", "{EFA0CC43-7B22-4842-9AC0-E0FDA4F844BA}"
EndProject
Project("{FAE04EC0-301F-11D3-BF4B-00C04F79EFBC}") = "DomainTests", "domain-tests\DomainTests.csproj", "{10888CA5-5DAE-4581-AC08-3A55BA9991CD}"
EndProject
Project("{2150E333-8FDC-42A3-9474-1A3956D46DE8}") = "WebApi", "WebApi", "{B64D5473-F242-4D51-80AA-46DE0CF39C8A}"
EndProject
Project("{2150E333-8FDC-42A3-9474-1A3956D46DE8}") = "Batches", "Batches", "{B1CB77BA-0D18-410C-BC65-DDA21275E99E}"
EndProject
Project("{2150E333-8FDC-42A3-9474-1A3956D46DE8}") = "Events", "Events", "{AEB36AF9-5E4E-4BF9-990D-F6D65E9E2482}"
EndProject
Project("{FAE04EC0-301F-11D3-BF4B-00C04F79EFBC}") = "Batches.Application", "wholesale-api\Batches\Batches.Application\Batches.Application.csproj", "{ED06DBF9-57AB-40BA-B86B-BA799B52F11C}"
EndProject
Project("{FAE04EC0-301F-11D3-BF4B-00C04F79EFBC}") = "Batches.Infrastructure", "wholesale-api\Batches\Batches.Infrastructure\Batches.Infrastructure.csproj", "{9D97D81B-ED92-4F37-91BB-FB0DB500FB00}"
EndProject
Project("{FAE04EC0-301F-11D3-BF4B-00C04F79EFBC}") = "Batches.Interfaces", "wholesale-api\Batches\Batches.Interfaces\Batches.Interfaces.csproj", "{54B65F5A-8D27-42E0-8FC1-6DAC21DD9E80}"
EndProject
Project("{FAE04EC0-301F-11D3-BF4B-00C04F79EFBC}") = "Events.Application", "wholesale-api\Events\Events.Application\Events.Application.csproj", "{7458B732-DD06-4390-A57F-8CFC84D96F4C}"
EndProject
Project("{2150E333-8FDC-42A3-9474-1A3956D46DE8}") = "CalculationResults", "CalculationResults", "{6E82058A-D327-44E7-A4BC-3635966A6FC5}"
EndProject
Project("{FAE04EC0-301F-11D3-BF4B-00C04F79EFBC}") = "CalculationResults.Application", "wholesale-api\CalculationResults\CalculationResults.Application\CalculationResults.Application.csproj", "{7CC39847-4152-40C9-9A30-891965B19DD5}"
EndProject
Project("{FAE04EC0-301F-11D3-BF4B-00C04F79EFBC}") = "CalculationResults.Interfaces", "wholesale-api\CalculationResults\CalculationResults.Interfaces\CalculationResults.Interfaces.csproj", "{FE1A2F74-7664-4D82-BCCA-60DC3CD1C608}"
EndProject
Project("{2150E333-8FDC-42A3-9474-1A3956D46DE8}") = "Tests", "Tests", "{A43C95A7-82B5-4A0B-8842-CF3DCB3D9950}"
EndProject
Project("{2150E333-8FDC-42A3-9474-1A3956D46DE8}") = "Tests", "Tests", "{A63AF6CC-9F70-49CD-9002-3C89D27647BD}"
EndProject
Project("{2150E333-8FDC-42A3-9474-1A3956D46DE8}") = "Tests", "Tests", "{8148F1A2-0836-4957-81C4-9786229266B1}"
EndProject
Project("{FAE04EC0-301F-11D3-BF4B-00C04F79EFBC}") = "Events.Infrastructure", "wholesale-api\Events\Events.Infrastructure\Events.Infrastructure.csproj", "{793B8FF4-26FB-4783-90AA-6348FD643B33}"
EndProject
Project("{FAE04EC0-301F-11D3-BF4B-00C04F79EFBC}") = "CalculationResults.Infrastructure", "wholesale-api\CalculationResults\CalculationResults.Infrastructure\CalculationResults.Infrastructure.csproj", "{E384C3FE-C4C8-45D8-9E41-40DF4D05C867}"
EndProject
Project("{FAE04EC0-301F-11D3-BF4B-00C04F79EFBC}") = "Batches.UnitTests", "wholesale-api\Batches\Batches.UnitTests\Batches.UnitTests.csproj", "{2AFAF921-3EBA-4D96-95A0-8B68BFBCAF0B}"
EndProject
Project("{FAE04EC0-301F-11D3-BF4B-00C04F79EFBC}") = "Batches.IntegrationTests", "wholesale-api\Batches\Batches.IntegrationTests\Batches.IntegrationTests.csproj", "{46A60588-8944-403F-8DD6-B29FDFC0AB1E}"
EndProject
Project("{FAE04EC0-301F-11D3-BF4B-00C04F79EFBC}") = "CalculationResults.IntegrationTests", "wholesale-api\CalculationResults\CalculationResults.IntegrationTests\CalculationResults.IntegrationTests.csproj", "{DD64438F-A696-4703-A2F4-5B05C6FFF27A}"
EndProject
Project("{FAE04EC0-301F-11D3-BF4B-00C04F79EFBC}") = "CalculationResults.UnitTests", "wholesale-api\CalculationResults\CalculationResults.UnitTests\CalculationResults.UnitTests.csproj", "{3AB56E38-3179-4E37-B9AA-0E2DE7597431}"
EndProject
Project("{FAE04EC0-301F-11D3-BF4B-00C04F79EFBC}") = "Events.UnitTests", "wholesale-api\Events\Events.UnitTests\Events.UnitTests.csproj", "{39CC42A2-FD5D-4B2C-87B6-22442E240B40}"
EndProject
Project("{FAE04EC0-301F-11D3-BF4B-00C04F79EFBC}") = "Events.IntegrationTests", "wholesale-api\Events\Events.IntegrationTests\Events.IntegrationTests.csproj", "{54AC1F13-F6AE-418B-A21F-AF2C341EC94C}"
EndProject
Project("{FAE04EC0-301F-11D3-BF4B-00C04F79EFBC}") = "Edi", "wholesale-api\Edi\Edi.csproj", "{4E52E245-D874-4E51-ABFC-C22AD32023D3}"
EndProject
Project("{2150E333-8FDC-42A3-9474-1A3956D46DE8}") = "Edi", "Edi", "{A4901557-FEEE-4833-AACB-C44D839398F0}"
EndProject
Project("{2150E333-8FDC-42A3-9474-1A3956D46DE8}") = "Tests", "Tests", "{820FC4AF-166C-4D8E-A7F5-5C0DC09F10C0}"
EndProject
Project("{FAE04EC0-301F-11D3-BF4B-00C04F79EFBC}") = "Edi.UnitTests", "wholesale-api\Edi.UnitTests\Edi.UnitTests.csproj", "{44BF8427-AE56-4917-B409-B589E717915E}"
EndProject
Global
	GlobalSection(SolutionConfigurationPlatforms) = preSolution
		Debug|Any CPU = Debug|Any CPU
		Release|Any CPU = Release|Any CPU
	EndGlobalSection
	GlobalSection(ProjectConfigurationPlatforms) = postSolution
		{9746F437-9232-4F33-B11C-DBE78AF88A79}.Debug|Any CPU.ActiveCfg = Debug|Any CPU
		{9746F437-9232-4F33-B11C-DBE78AF88A79}.Debug|Any CPU.Build.0 = Debug|Any CPU
		{9746F437-9232-4F33-B11C-DBE78AF88A79}.Release|Any CPU.ActiveCfg = Release|Any CPU
		{9746F437-9232-4F33-B11C-DBE78AF88A79}.Release|Any CPU.Build.0 = Release|Any CPU
		{ABA195E8-C392-42BA-958E-F03447A2B301}.Debug|Any CPU.ActiveCfg = Debug|Any CPU
		{ABA195E8-C392-42BA-958E-F03447A2B301}.Debug|Any CPU.Build.0 = Debug|Any CPU
		{ABA195E8-C392-42BA-958E-F03447A2B301}.Release|Any CPU.ActiveCfg = Release|Any CPU
		{ABA195E8-C392-42BA-958E-F03447A2B301}.Release|Any CPU.Build.0 = Release|Any CPU
		{F163CC59-E435-4274-9316-7EF7463BA8E6}.Debug|Any CPU.ActiveCfg = Debug|Any CPU
		{F163CC59-E435-4274-9316-7EF7463BA8E6}.Debug|Any CPU.Build.0 = Debug|Any CPU
		{F163CC59-E435-4274-9316-7EF7463BA8E6}.Release|Any CPU.ActiveCfg = Release|Any CPU
		{F163CC59-E435-4274-9316-7EF7463BA8E6}.Release|Any CPU.Build.0 = Release|Any CPU
		{29B77280-062B-4AB0-A67D-8AF9C346299F}.Debug|Any CPU.ActiveCfg = Debug|Any CPU
		{29B77280-062B-4AB0-A67D-8AF9C346299F}.Debug|Any CPU.Build.0 = Debug|Any CPU
		{29B77280-062B-4AB0-A67D-8AF9C346299F}.Release|Any CPU.ActiveCfg = Release|Any CPU
		{29B77280-062B-4AB0-A67D-8AF9C346299F}.Release|Any CPU.Build.0 = Release|Any CPU
		{6D00C8EA-65D9-4568-B3C6-23E31598D51E}.Debug|Any CPU.ActiveCfg = Debug|Any CPU
		{6D00C8EA-65D9-4568-B3C6-23E31598D51E}.Debug|Any CPU.Build.0 = Debug|Any CPU
		{6D00C8EA-65D9-4568-B3C6-23E31598D51E}.Release|Any CPU.ActiveCfg = Release|Any CPU
		{6D00C8EA-65D9-4568-B3C6-23E31598D51E}.Release|Any CPU.Build.0 = Release|Any CPU
		{EFA0CC43-7B22-4842-9AC0-E0FDA4F844BA}.Debug|Any CPU.ActiveCfg = Debug|Any CPU
		{EFA0CC43-7B22-4842-9AC0-E0FDA4F844BA}.Debug|Any CPU.Build.0 = Debug|Any CPU
		{EFA0CC43-7B22-4842-9AC0-E0FDA4F844BA}.Release|Any CPU.ActiveCfg = Release|Any CPU
		{EFA0CC43-7B22-4842-9AC0-E0FDA4F844BA}.Release|Any CPU.Build.0 = Release|Any CPU
		{10888CA5-5DAE-4581-AC08-3A55BA9991CD}.Debug|Any CPU.ActiveCfg = Debug|Any CPU
		{10888CA5-5DAE-4581-AC08-3A55BA9991CD}.Debug|Any CPU.Build.0 = Debug|Any CPU
		{10888CA5-5DAE-4581-AC08-3A55BA9991CD}.Release|Any CPU.ActiveCfg = Release|Any CPU
		{10888CA5-5DAE-4581-AC08-3A55BA9991CD}.Release|Any CPU.Build.0 = Release|Any CPU
		{ED06DBF9-57AB-40BA-B86B-BA799B52F11C}.Debug|Any CPU.ActiveCfg = Debug|Any CPU
		{ED06DBF9-57AB-40BA-B86B-BA799B52F11C}.Debug|Any CPU.Build.0 = Debug|Any CPU
		{ED06DBF9-57AB-40BA-B86B-BA799B52F11C}.Release|Any CPU.ActiveCfg = Release|Any CPU
		{ED06DBF9-57AB-40BA-B86B-BA799B52F11C}.Release|Any CPU.Build.0 = Release|Any CPU
		{9D97D81B-ED92-4F37-91BB-FB0DB500FB00}.Debug|Any CPU.ActiveCfg = Debug|Any CPU
		{9D97D81B-ED92-4F37-91BB-FB0DB500FB00}.Debug|Any CPU.Build.0 = Debug|Any CPU
		{9D97D81B-ED92-4F37-91BB-FB0DB500FB00}.Release|Any CPU.ActiveCfg = Release|Any CPU
		{9D97D81B-ED92-4F37-91BB-FB0DB500FB00}.Release|Any CPU.Build.0 = Release|Any CPU
		{54B65F5A-8D27-42E0-8FC1-6DAC21DD9E80}.Debug|Any CPU.ActiveCfg = Debug|Any CPU
		{54B65F5A-8D27-42E0-8FC1-6DAC21DD9E80}.Debug|Any CPU.Build.0 = Debug|Any CPU
		{54B65F5A-8D27-42E0-8FC1-6DAC21DD9E80}.Release|Any CPU.ActiveCfg = Release|Any CPU
		{54B65F5A-8D27-42E0-8FC1-6DAC21DD9E80}.Release|Any CPU.Build.0 = Release|Any CPU
		{7458B732-DD06-4390-A57F-8CFC84D96F4C}.Debug|Any CPU.ActiveCfg = Debug|Any CPU
		{7458B732-DD06-4390-A57F-8CFC84D96F4C}.Debug|Any CPU.Build.0 = Debug|Any CPU
		{7458B732-DD06-4390-A57F-8CFC84D96F4C}.Release|Any CPU.ActiveCfg = Release|Any CPU
		{7458B732-DD06-4390-A57F-8CFC84D96F4C}.Release|Any CPU.Build.0 = Release|Any CPU
		{7CC39847-4152-40C9-9A30-891965B19DD5}.Debug|Any CPU.ActiveCfg = Debug|Any CPU
		{7CC39847-4152-40C9-9A30-891965B19DD5}.Debug|Any CPU.Build.0 = Debug|Any CPU
		{7CC39847-4152-40C9-9A30-891965B19DD5}.Release|Any CPU.ActiveCfg = Release|Any CPU
		{7CC39847-4152-40C9-9A30-891965B19DD5}.Release|Any CPU.Build.0 = Release|Any CPU
		{FE1A2F74-7664-4D82-BCCA-60DC3CD1C608}.Debug|Any CPU.ActiveCfg = Debug|Any CPU
		{FE1A2F74-7664-4D82-BCCA-60DC3CD1C608}.Debug|Any CPU.Build.0 = Debug|Any CPU
		{FE1A2F74-7664-4D82-BCCA-60DC3CD1C608}.Release|Any CPU.ActiveCfg = Release|Any CPU
		{FE1A2F74-7664-4D82-BCCA-60DC3CD1C608}.Release|Any CPU.Build.0 = Release|Any CPU
		{793B8FF4-26FB-4783-90AA-6348FD643B33}.Debug|Any CPU.ActiveCfg = Debug|Any CPU
		{793B8FF4-26FB-4783-90AA-6348FD643B33}.Debug|Any CPU.Build.0 = Debug|Any CPU
		{793B8FF4-26FB-4783-90AA-6348FD643B33}.Release|Any CPU.ActiveCfg = Release|Any CPU
		{793B8FF4-26FB-4783-90AA-6348FD643B33}.Release|Any CPU.Build.0 = Release|Any CPU
		{E384C3FE-C4C8-45D8-9E41-40DF4D05C867}.Debug|Any CPU.ActiveCfg = Debug|Any CPU
		{E384C3FE-C4C8-45D8-9E41-40DF4D05C867}.Debug|Any CPU.Build.0 = Debug|Any CPU
		{E384C3FE-C4C8-45D8-9E41-40DF4D05C867}.Release|Any CPU.ActiveCfg = Release|Any CPU
		{E384C3FE-C4C8-45D8-9E41-40DF4D05C867}.Release|Any CPU.Build.0 = Release|Any CPU
		{2AFAF921-3EBA-4D96-95A0-8B68BFBCAF0B}.Debug|Any CPU.ActiveCfg = Debug|Any CPU
		{2AFAF921-3EBA-4D96-95A0-8B68BFBCAF0B}.Debug|Any CPU.Build.0 = Debug|Any CPU
		{2AFAF921-3EBA-4D96-95A0-8B68BFBCAF0B}.Release|Any CPU.ActiveCfg = Release|Any CPU
		{2AFAF921-3EBA-4D96-95A0-8B68BFBCAF0B}.Release|Any CPU.Build.0 = Release|Any CPU
		{46A60588-8944-403F-8DD6-B29FDFC0AB1E}.Debug|Any CPU.ActiveCfg = Debug|Any CPU
		{46A60588-8944-403F-8DD6-B29FDFC0AB1E}.Debug|Any CPU.Build.0 = Debug|Any CPU
		{46A60588-8944-403F-8DD6-B29FDFC0AB1E}.Release|Any CPU.ActiveCfg = Release|Any CPU
		{46A60588-8944-403F-8DD6-B29FDFC0AB1E}.Release|Any CPU.Build.0 = Release|Any CPU
		{DD64438F-A696-4703-A2F4-5B05C6FFF27A}.Debug|Any CPU.ActiveCfg = Debug|Any CPU
		{DD64438F-A696-4703-A2F4-5B05C6FFF27A}.Debug|Any CPU.Build.0 = Debug|Any CPU
		{DD64438F-A696-4703-A2F4-5B05C6FFF27A}.Release|Any CPU.ActiveCfg = Release|Any CPU
		{DD64438F-A696-4703-A2F4-5B05C6FFF27A}.Release|Any CPU.Build.0 = Release|Any CPU
		{3AB56E38-3179-4E37-B9AA-0E2DE7597431}.Debug|Any CPU.ActiveCfg = Debug|Any CPU
		{3AB56E38-3179-4E37-B9AA-0E2DE7597431}.Debug|Any CPU.Build.0 = Debug|Any CPU
		{3AB56E38-3179-4E37-B9AA-0E2DE7597431}.Release|Any CPU.ActiveCfg = Release|Any CPU
		{3AB56E38-3179-4E37-B9AA-0E2DE7597431}.Release|Any CPU.Build.0 = Release|Any CPU
		{39CC42A2-FD5D-4B2C-87B6-22442E240B40}.Debug|Any CPU.ActiveCfg = Debug|Any CPU
		{39CC42A2-FD5D-4B2C-87B6-22442E240B40}.Debug|Any CPU.Build.0 = Debug|Any CPU
		{39CC42A2-FD5D-4B2C-87B6-22442E240B40}.Release|Any CPU.ActiveCfg = Release|Any CPU
		{39CC42A2-FD5D-4B2C-87B6-22442E240B40}.Release|Any CPU.Build.0 = Release|Any CPU
		{54AC1F13-F6AE-418B-A21F-AF2C341EC94C}.Debug|Any CPU.ActiveCfg = Debug|Any CPU
		{54AC1F13-F6AE-418B-A21F-AF2C341EC94C}.Debug|Any CPU.Build.0 = Debug|Any CPU
		{54AC1F13-F6AE-418B-A21F-AF2C341EC94C}.Release|Any CPU.ActiveCfg = Release|Any CPU
		{54AC1F13-F6AE-418B-A21F-AF2C341EC94C}.Release|Any CPU.Build.0 = Release|Any CPU
		{4E52E245-D874-4E51-ABFC-C22AD32023D3}.Debug|Any CPU.ActiveCfg = Debug|Any CPU
		{4E52E245-D874-4E51-ABFC-C22AD32023D3}.Debug|Any CPU.Build.0 = Debug|Any CPU
		{4E52E245-D874-4E51-ABFC-C22AD32023D3}.Release|Any CPU.ActiveCfg = Release|Any CPU
		{4E52E245-D874-4E51-ABFC-C22AD32023D3}.Release|Any CPU.Build.0 = Release|Any CPU
		{44BF8427-AE56-4917-B409-B589E717915E}.Debug|Any CPU.ActiveCfg = Debug|Any CPU
		{44BF8427-AE56-4917-B409-B589E717915E}.Debug|Any CPU.Build.0 = Debug|Any CPU
		{44BF8427-AE56-4917-B409-B589E717915E}.Release|Any CPU.ActiveCfg = Release|Any CPU
		{44BF8427-AE56-4917-B409-B589E717915E}.Release|Any CPU.Build.0 = Release|Any CPU
	EndGlobalSection
	GlobalSection(SolutionProperties) = preSolution
		HideSolutionNode = FALSE
	EndGlobalSection
	GlobalSection(NestedProjects) = preSolution
		{29B77280-062B-4AB0-A67D-8AF9C346299F} = {A65AE4F0-E4A5-4F6C-AB74-F8A278C31AD9}
		{6D00C8EA-65D9-4568-B3C6-23E31598D51E} = {A65AE4F0-E4A5-4F6C-AB74-F8A278C31AD9}
		{EFA0CC43-7B22-4842-9AC0-E0FDA4F844BA} = {A65AE4F0-E4A5-4F6C-AB74-F8A278C31AD9}
		{F163CC59-E435-4274-9316-7EF7463BA8E6} = {B64D5473-F242-4D51-80AA-46DE0CF39C8A}
		{A65AE4F0-E4A5-4F6C-AB74-F8A278C31AD9} = {B64D5473-F242-4D51-80AA-46DE0CF39C8A}
		{9746F437-9232-4F33-B11C-DBE78AF88A79} = {B64D5473-F242-4D51-80AA-46DE0CF39C8A}
		{B1CB77BA-0D18-410C-BC65-DDA21275E99E} = {B64D5473-F242-4D51-80AA-46DE0CF39C8A}
		{AEB36AF9-5E4E-4BF9-990D-F6D65E9E2482} = {B64D5473-F242-4D51-80AA-46DE0CF39C8A}
		{ED06DBF9-57AB-40BA-B86B-BA799B52F11C} = {B1CB77BA-0D18-410C-BC65-DDA21275E99E}
		{9D97D81B-ED92-4F37-91BB-FB0DB500FB00} = {B1CB77BA-0D18-410C-BC65-DDA21275E99E}
		{54B65F5A-8D27-42E0-8FC1-6DAC21DD9E80} = {B1CB77BA-0D18-410C-BC65-DDA21275E99E}
		{7458B732-DD06-4390-A57F-8CFC84D96F4C} = {AEB36AF9-5E4E-4BF9-990D-F6D65E9E2482}
		{6E82058A-D327-44E7-A4BC-3635966A6FC5} = {B64D5473-F242-4D51-80AA-46DE0CF39C8A}
		{7CC39847-4152-40C9-9A30-891965B19DD5} = {6E82058A-D327-44E7-A4BC-3635966A6FC5}
		{FE1A2F74-7664-4D82-BCCA-60DC3CD1C608} = {6E82058A-D327-44E7-A4BC-3635966A6FC5}
		{A43C95A7-82B5-4A0B-8842-CF3DCB3D9950} = {B1CB77BA-0D18-410C-BC65-DDA21275E99E}
		{A63AF6CC-9F70-49CD-9002-3C89D27647BD} = {6E82058A-D327-44E7-A4BC-3635966A6FC5}
		{8148F1A2-0836-4957-81C4-9786229266B1} = {AEB36AF9-5E4E-4BF9-990D-F6D65E9E2482}
		{793B8FF4-26FB-4783-90AA-6348FD643B33} = {AEB36AF9-5E4E-4BF9-990D-F6D65E9E2482}
		{E384C3FE-C4C8-45D8-9E41-40DF4D05C867} = {6E82058A-D327-44E7-A4BC-3635966A6FC5}
		{2AFAF921-3EBA-4D96-95A0-8B68BFBCAF0B} = {A43C95A7-82B5-4A0B-8842-CF3DCB3D9950}
		{46A60588-8944-403F-8DD6-B29FDFC0AB1E} = {A43C95A7-82B5-4A0B-8842-CF3DCB3D9950}
		{DD64438F-A696-4703-A2F4-5B05C6FFF27A} = {A63AF6CC-9F70-49CD-9002-3C89D27647BD}
		{3AB56E38-3179-4E37-B9AA-0E2DE7597431} = {A63AF6CC-9F70-49CD-9002-3C89D27647BD}
		{39CC42A2-FD5D-4B2C-87B6-22442E240B40} = {8148F1A2-0836-4957-81C4-9786229266B1}
		{54AC1F13-F6AE-418B-A21F-AF2C341EC94C} = {8148F1A2-0836-4957-81C4-9786229266B1}
		{A4901557-FEEE-4833-AACB-C44D839398F0} = {B64D5473-F242-4D51-80AA-46DE0CF39C8A}
		{4E52E245-D874-4E51-ABFC-C22AD32023D3} = {A4901557-FEEE-4833-AACB-C44D839398F0}
		{820FC4AF-166C-4D8E-A7F5-5C0DC09F10C0} = {A4901557-FEEE-4833-AACB-C44D839398F0}
		{44BF8427-AE56-4917-B409-B589E717915E} = {820FC4AF-166C-4D8E-A7F5-5C0DC09F10C0}
	EndGlobalSection
	GlobalSection(ExtensibilityGlobals) = postSolution
		SolutionGuid = {D2B1040C-316B-406A-B2AB-671DB0449FAB}
	EndGlobalSection
EndGlobal
